// !$*UTF8*$!
{
	archiveVersion = 1;
	classes = {
	};
	objectVersion = 51;
	objects = {

/* Begin PBXBuildFile section */
		4E4EBB5B25EAFA1F00FD4A9B /* AppDelegate.swift in Sources */ = {isa = PBXBuildFile; fileRef = 4E4EBB5A25EAFA1F00FD4A9B /* AppDelegate.swift */; };
		4E4EBB5D25EAFA1F00FD4A9B /* SceneDelegate.swift in Sources */ = {isa = PBXBuildFile; fileRef = 4E4EBB5C25EAFA1F00FD4A9B /* SceneDelegate.swift */; };
		4E4EBB6225EAFA1F00FD4A9B /* Main.storyboard in Resources */ = {isa = PBXBuildFile; fileRef = 4E4EBB6025EAFA1F00FD4A9B /* Main.storyboard */; };
		4E4EBB6425EAFA2500FD4A9B /* Assets.xcassets in Resources */ = {isa = PBXBuildFile; fileRef = 4E4EBB6325EAFA2500FD4A9B /* Assets.xcassets */; };
		4E4EBB6725EAFA2500FD4A9B /* LaunchScreen.storyboard in Resources */ = {isa = PBXBuildFile; fileRef = 4E4EBB6525EAFA2500FD4A9B /* LaunchScreen.storyboard */; };
		4E4EBB7225EAFA2500FD4A9B /* ParstagramTests.swift in Sources */ = {isa = PBXBuildFile; fileRef = 4E4EBB7125EAFA2500FD4A9B /* ParstagramTests.swift */; };
		4E4EBB7D25EAFA2500FD4A9B /* ParstagramUITests.swift in Sources */ = {isa = PBXBuildFile; fileRef = 4E4EBB7C25EAFA2500FD4A9B /* ParstagramUITests.swift */; };
		4E4EBBD625EB08AD00FD4A9B /* LoginViewController.swift in Sources */ = {isa = PBXBuildFile; fileRef = 4E4EBBD525EB08AD00FD4A9B /* LoginViewController.swift */; };
		4E4EBBDB25EB08BE00FD4A9B /* FeedViewController.swift in Sources */ = {isa = PBXBuildFile; fileRef = 4E4EBBDA25EB08BE00FD4A9B /* FeedViewController.swift */; };
		4E4EBBE025EB13D900FD4A9B /* CameraViewController.swift in Sources */ = {isa = PBXBuildFile; fileRef = 4E4EBBDF25EB13D900FD4A9B /* CameraViewController.swift */; };
		4E4EBBED25EB290000FD4A9B /* PostCell.swift in Sources */ = {isa = PBXBuildFile; fileRef = 4E4EBBEC25EB290000FD4A9B /* PostCell.swift */; };
		4ECB685225F2DF86008D9145 /* CommentCell.swift in Sources */ = {isa = PBXBuildFile; fileRef = 4ECB685125F2DF86008D9145 /* CommentCell.swift */; };
		81C10544B2662DE08C71BD6A /* Pods_Parstagram_ParstagramUITests.framework in Frameworks */ = {isa = PBXBuildFile; fileRef = DC9322368464EFA401921281 /* Pods_Parstagram_ParstagramUITests.framework */; };
		D49AB4535B85D2B8D12E5998 /* Pods_Parstagram.framework in Frameworks */ = {isa = PBXBuildFile; fileRef = A5D1C434EA9CFFD369F3542D /* Pods_Parstagram.framework */; };
		ECBA28ACEC8916F7027762F3 /* Pods_ParstagramTests.framework in Frameworks */ = {isa = PBXBuildFile; fileRef = 1CE80D80CE3FA0818D4D72A7 /* Pods_ParstagramTests.framework */; };
/* End PBXBuildFile section */

/* Begin PBXContainerItemProxy section */
		4E4EBB6E25EAFA2500FD4A9B /* PBXContainerItemProxy */ = {
			isa = PBXContainerItemProxy;
			containerPortal = 4E4EBB4F25EAFA1F00FD4A9B /* Project object */;
			proxyType = 1;
			remoteGlobalIDString = 4E4EBB5625EAFA1F00FD4A9B;
			remoteInfo = Parstagram;
		};
		4E4EBB7925EAFA2500FD4A9B /* PBXContainerItemProxy */ = {
			isa = PBXContainerItemProxy;
			containerPortal = 4E4EBB4F25EAFA1F00FD4A9B /* Project object */;
			proxyType = 1;
			remoteGlobalIDString = 4E4EBB5625EAFA1F00FD4A9B;
			remoteInfo = Parstagram;
		};
/* End PBXContainerItemProxy section */

/* Begin PBXFileReference section */
		01AB7BDD9F98008682C17188 /* Pods-Parstagram-ParstagramUITests.release.xcconfig */ = {isa = PBXFileReference; includeInIndex = 1; lastKnownFileType = text.xcconfig; name = "Pods-Parstagram-ParstagramUITests.release.xcconfig"; path = "Target Support Files/Pods-Parstagram-ParstagramUITests/Pods-Parstagram-ParstagramUITests.release.xcconfig"; sourceTree = "<group>"; };
		1CE80D80CE3FA0818D4D72A7 /* Pods_ParstagramTests.framework */ = {isa = PBXFileReference; explicitFileType = wrapper.framework; includeInIndex = 0; path = Pods_ParstagramTests.framework; sourceTree = BUILT_PRODUCTS_DIR; };
		401E4DD6CF386E28E1E2A635 /* Pods-ParstagramTests.debug.xcconfig */ = {isa = PBXFileReference; includeInIndex = 1; lastKnownFileType = text.xcconfig; name = "Pods-ParstagramTests.debug.xcconfig"; path = "Target Support Files/Pods-ParstagramTests/Pods-ParstagramTests.debug.xcconfig"; sourceTree = "<group>"; };
		4E4EBB5725EAFA1F00FD4A9B /* Parstagram.app */ = {isa = PBXFileReference; explicitFileType = wrapper.application; includeInIndex = 0; path = Parstagram.app; sourceTree = BUILT_PRODUCTS_DIR; };
		4E4EBB5A25EAFA1F00FD4A9B /* AppDelegate.swift */ = {isa = PBXFileReference; lastKnownFileType = sourcecode.swift; path = AppDelegate.swift; sourceTree = "<group>"; };
		4E4EBB5C25EAFA1F00FD4A9B /* SceneDelegate.swift */ = {isa = PBXFileReference; lastKnownFileType = sourcecode.swift; path = SceneDelegate.swift; sourceTree = "<group>"; };
		4E4EBB6125EAFA1F00FD4A9B /* Base */ = {isa = PBXFileReference; lastKnownFileType = file.storyboard; name = Base; path = Base.lproj/Main.storyboard; sourceTree = "<group>"; };
		4E4EBB6325EAFA2500FD4A9B /* Assets.xcassets */ = {isa = PBXFileReference; lastKnownFileType = folder.assetcatalog; path = Assets.xcassets; sourceTree = "<group>"; };
		4E4EBB6625EAFA2500FD4A9B /* Base */ = {isa = PBXFileReference; lastKnownFileType = file.storyboard; name = Base; path = Base.lproj/LaunchScreen.storyboard; sourceTree = "<group>"; };
		4E4EBB6825EAFA2500FD4A9B /* Info.plist */ = {isa = PBXFileReference; lastKnownFileType = text.plist.xml; path = Info.plist; sourceTree = "<group>"; };
		4E4EBB6D25EAFA2500FD4A9B /* ParstagramTests.xctest */ = {isa = PBXFileReference; explicitFileType = wrapper.cfbundle; includeInIndex = 0; path = ParstagramTests.xctest; sourceTree = BUILT_PRODUCTS_DIR; };
		4E4EBB7125EAFA2500FD4A9B /* ParstagramTests.swift */ = {isa = PBXFileReference; lastKnownFileType = sourcecode.swift; path = ParstagramTests.swift; sourceTree = "<group>"; };
		4E4EBB7325EAFA2500FD4A9B /* Info.plist */ = {isa = PBXFileReference; lastKnownFileType = text.plist.xml; path = Info.plist; sourceTree = "<group>"; };
		4E4EBB7825EAFA2500FD4A9B /* ParstagramUITests.xctest */ = {isa = PBXFileReference; explicitFileType = wrapper.cfbundle; includeInIndex = 0; path = ParstagramUITests.xctest; sourceTree = BUILT_PRODUCTS_DIR; };
		4E4EBB7C25EAFA2500FD4A9B /* ParstagramUITests.swift */ = {isa = PBXFileReference; lastKnownFileType = sourcecode.swift; path = ParstagramUITests.swift; sourceTree = "<group>"; };
		4E4EBB7E25EAFA2500FD4A9B /* Info.plist */ = {isa = PBXFileReference; lastKnownFileType = text.plist.xml; path = Info.plist; sourceTree = "<group>"; };
		4E4EBBD525EB08AD00FD4A9B /* LoginViewController.swift */ = {isa = PBXFileReference; lastKnownFileType = sourcecode.swift; path = LoginViewController.swift; sourceTree = "<group>"; };
		4E4EBBDA25EB08BE00FD4A9B /* FeedViewController.swift */ = {isa = PBXFileReference; lastKnownFileType = sourcecode.swift; path = FeedViewController.swift; sourceTree = "<group>"; };
		4E4EBBDF25EB13D900FD4A9B /* CameraViewController.swift */ = {isa = PBXFileReference; lastKnownFileType = sourcecode.swift; path = CameraViewController.swift; sourceTree = "<group>"; };
		4E4EBBEC25EB290000FD4A9B /* PostCell.swift */ = {isa = PBXFileReference; lastKnownFileType = sourcecode.swift; path = PostCell.swift; sourceTree = "<group>"; };
		4ECB685125F2DF86008D9145 /* CommentCell.swift */ = {isa = PBXFileReference; lastKnownFileType = sourcecode.swift; path = CommentCell.swift; sourceTree = "<group>"; };
		5FDE0BC1E422F0B033AF91B8 /* Pods-Parstagram.debug.xcconfig */ = {isa = PBXFileReference; includeInIndex = 1; lastKnownFileType = text.xcconfig; name = "Pods-Parstagram.debug.xcconfig"; path = "Target Support Files/Pods-Parstagram/Pods-Parstagram.debug.xcconfig"; sourceTree = "<group>"; };
		906C407E811E2FB4B2E1160C /* Pods-Parstagram-ParstagramUITests.debug.xcconfig */ = {isa = PBXFileReference; includeInIndex = 1; lastKnownFileType = text.xcconfig; name = "Pods-Parstagram-ParstagramUITests.debug.xcconfig"; path = "Target Support Files/Pods-Parstagram-ParstagramUITests/Pods-Parstagram-ParstagramUITests.debug.xcconfig"; sourceTree = "<group>"; };
		983C0405F846ABA24E0A2C90 /* Pods-ParstagramTests.release.xcconfig */ = {isa = PBXFileReference; includeInIndex = 1; lastKnownFileType = text.xcconfig; name = "Pods-ParstagramTests.release.xcconfig"; path = "Target Support Files/Pods-ParstagramTests/Pods-ParstagramTests.release.xcconfig"; sourceTree = "<group>"; };
		A5D1C434EA9CFFD369F3542D /* Pods_Parstagram.framework */ = {isa = PBXFileReference; explicitFileType = wrapper.framework; includeInIndex = 0; path = Pods_Parstagram.framework; sourceTree = BUILT_PRODUCTS_DIR; };
		D58A144D9E5EF33E84FDA18E /* Pods-Parstagram.release.xcconfig */ = {isa = PBXFileReference; includeInIndex = 1; lastKnownFileType = text.xcconfig; name = "Pods-Parstagram.release.xcconfig"; path = "Target Support Files/Pods-Parstagram/Pods-Parstagram.release.xcconfig"; sourceTree = "<group>"; };
		DC9322368464EFA401921281 /* Pods_Parstagram_ParstagramUITests.framework */ = {isa = PBXFileReference; explicitFileType = wrapper.framework; includeInIndex = 0; path = Pods_Parstagram_ParstagramUITests.framework; sourceTree = BUILT_PRODUCTS_DIR; };
/* End PBXFileReference section */

/* Begin PBXFrameworksBuildPhase section */
		4E4EBB5425EAFA1F00FD4A9B /* Frameworks */ = {
			isa = PBXFrameworksBuildPhase;
			buildActionMask = 2147483647;
			files = (
				D49AB4535B85D2B8D12E5998 /* Pods_Parstagram.framework in Frameworks */,
			);
			runOnlyForDeploymentPostprocessing = 0;
		};
		4E4EBB6A25EAFA2500FD4A9B /* Frameworks */ = {
			isa = PBXFrameworksBuildPhase;
			buildActionMask = 2147483647;
			files = (
				ECBA28ACEC8916F7027762F3 /* Pods_ParstagramTests.framework in Frameworks */,
			);
			runOnlyForDeploymentPostprocessing = 0;
		};
		4E4EBB7525EAFA2500FD4A9B /* Frameworks */ = {
			isa = PBXFrameworksBuildPhase;
			buildActionMask = 2147483647;
			files = (
				81C10544B2662DE08C71BD6A /* Pods_Parstagram_ParstagramUITests.framework in Frameworks */,
			);
			runOnlyForDeploymentPostprocessing = 0;
		};
/* End PBXFrameworksBuildPhase section */

/* Begin PBXGroup section */
		295E17D312E8F797AE4F4AC6 /* Frameworks */ = {
			isa = PBXGroup;
			children = (
				A5D1C434EA9CFFD369F3542D /* Pods_Parstagram.framework */,
				DC9322368464EFA401921281 /* Pods_Parstagram_ParstagramUITests.framework */,
				1CE80D80CE3FA0818D4D72A7 /* Pods_ParstagramTests.framework */,
			);
			name = Frameworks;
			sourceTree = "<group>";
		};
		4E4EBB4E25EAFA1F00FD4A9B = {
			isa = PBXGroup;
			children = (
				4E4EBB5925EAFA1F00FD4A9B /* Parstagram */,
				4E4EBB7025EAFA2500FD4A9B /* ParstagramTests */,
				4E4EBB7B25EAFA2500FD4A9B /* ParstagramUITests */,
				4E4EBB5825EAFA1F00FD4A9B /* Products */,
				57F3AF694A6FAF193CEBACDA /* Pods */,
				295E17D312E8F797AE4F4AC6 /* Frameworks */,
			);
			sourceTree = "<group>";
		};
		4E4EBB5825EAFA1F00FD4A9B /* Products */ = {
			isa = PBXGroup;
			children = (
				4E4EBB5725EAFA1F00FD4A9B /* Parstagram.app */,
				4E4EBB6D25EAFA2500FD4A9B /* ParstagramTests.xctest */,
				4E4EBB7825EAFA2500FD4A9B /* ParstagramUITests.xctest */,
			);
			name = Products;
			sourceTree = "<group>";
		};
		4E4EBB5925EAFA1F00FD4A9B /* Parstagram */ = {
			isa = PBXGroup;
			children = (
				4E4EBB5A25EAFA1F00FD4A9B /* AppDelegate.swift */,
				4E4EBB5C25EAFA1F00FD4A9B /* SceneDelegate.swift */,
				4E4EBB6025EAFA1F00FD4A9B /* Main.storyboard */,
				4ECB685125F2DF86008D9145 /* CommentCell.swift */,
				4E4EBBEC25EB290000FD4A9B /* PostCell.swift */,
				4E4EBBDF25EB13D900FD4A9B /* CameraViewController.swift */,
				4E4EBB6325EAFA2500FD4A9B /* Assets.xcassets */,
				4E4EBB6525EAFA2500FD4A9B /* LaunchScreen.storyboard */,
				4E4EBB6825EAFA2500FD4A9B /* Info.plist */,
				4E4EBBD525EB08AD00FD4A9B /* LoginViewController.swift */,
				4E4EBBDA25EB08BE00FD4A9B /* FeedViewController.swift */,
			);
			path = Parstagram;
			sourceTree = "<group>";
		};
		4E4EBB7025EAFA2500FD4A9B /* ParstagramTests */ = {
			isa = PBXGroup;
			children = (
				4E4EBB7125EAFA2500FD4A9B /* ParstagramTests.swift */,
				4E4EBB7325EAFA2500FD4A9B /* Info.plist */,
			);
			path = ParstagramTests;
			sourceTree = "<group>";
		};
		4E4EBB7B25EAFA2500FD4A9B /* ParstagramUITests */ = {
			isa = PBXGroup;
			children = (
				4E4EBB7C25EAFA2500FD4A9B /* ParstagramUITests.swift */,
				4E4EBB7E25EAFA2500FD4A9B /* Info.plist */,
			);
			path = ParstagramUITests;
			sourceTree = "<group>";
		};
		57F3AF694A6FAF193CEBACDA /* Pods */ = {
			isa = PBXGroup;
			children = (
				5FDE0BC1E422F0B033AF91B8 /* Pods-Parstagram.debug.xcconfig */,
				D58A144D9E5EF33E84FDA18E /* Pods-Parstagram.release.xcconfig */,
				906C407E811E2FB4B2E1160C /* Pods-Parstagram-ParstagramUITests.debug.xcconfig */,
				01AB7BDD9F98008682C17188 /* Pods-Parstagram-ParstagramUITests.release.xcconfig */,
				401E4DD6CF386E28E1E2A635 /* Pods-ParstagramTests.debug.xcconfig */,
				983C0405F846ABA24E0A2C90 /* Pods-ParstagramTests.release.xcconfig */,
			);
			path = Pods;
			sourceTree = "<group>";
		};
/* End PBXGroup section */

/* Begin PBXNativeTarget section */
		4E4EBB5625EAFA1F00FD4A9B /* Parstagram */ = {
			isa = PBXNativeTarget;
			buildConfigurationList = 4E4EBB8125EAFA2500FD4A9B /* Build configuration list for PBXNativeTarget "Parstagram" */;
			buildPhases = (
				5B4B95F64294D07D9BB2C40A /* [CP] Check Pods Manifest.lock */,
				4E4EBB5325EAFA1F00FD4A9B /* Sources */,
				4E4EBB5425EAFA1F00FD4A9B /* Frameworks */,
				4E4EBB5525EAFA1F00FD4A9B /* Resources */,
				D1411D0F970D4ECDF11446D7 /* [CP] Embed Pods Frameworks */,
			);
			buildRules = (
			);
			dependencies = (
			);
			name = Parstagram;
			productName = Parstagram;
			productReference = 4E4EBB5725EAFA1F00FD4A9B /* Parstagram.app */;
			productType = "com.apple.product-type.application";
		};
		4E4EBB6C25EAFA2500FD4A9B /* ParstagramTests */ = {
			isa = PBXNativeTarget;
			buildConfigurationList = 4E4EBB8425EAFA2500FD4A9B /* Build configuration list for PBXNativeTarget "ParstagramTests" */;
			buildPhases = (
				C2DE6AA6FD33048724FDEADF /* [CP] Check Pods Manifest.lock */,
				4E4EBB6925EAFA2500FD4A9B /* Sources */,
				4E4EBB6A25EAFA2500FD4A9B /* Frameworks */,
				4E4EBB6B25EAFA2500FD4A9B /* Resources */,
			);
			buildRules = (
			);
			dependencies = (
				4E4EBB6F25EAFA2500FD4A9B /* PBXTargetDependency */,
			);
			name = ParstagramTests;
			productName = ParstagramTests;
			productReference = 4E4EBB6D25EAFA2500FD4A9B /* ParstagramTests.xctest */;
			productType = "com.apple.product-type.bundle.unit-test";
		};
		4E4EBB7725EAFA2500FD4A9B /* ParstagramUITests */ = {
			isa = PBXNativeTarget;
			buildConfigurationList = 4E4EBB8725EAFA2500FD4A9B /* Build configuration list for PBXNativeTarget "ParstagramUITests" */;
			buildPhases = (
				AD22FAA43C722A2002BE9627 /* [CP] Check Pods Manifest.lock */,
				4E4EBB7425EAFA2500FD4A9B /* Sources */,
				4E4EBB7525EAFA2500FD4A9B /* Frameworks */,
				4E4EBB7625EAFA2500FD4A9B /* Resources */,
				9F982C32BCB114DB103D8D43 /* [CP] Embed Pods Frameworks */,
			);
			buildRules = (
			);
			dependencies = (
				4E4EBB7A25EAFA2500FD4A9B /* PBXTargetDependency */,
			);
			name = ParstagramUITests;
			productName = ParstagramUITests;
			productReference = 4E4EBB7825EAFA2500FD4A9B /* ParstagramUITests.xctest */;
			productType = "com.apple.product-type.bundle.ui-testing";
		};
/* End PBXNativeTarget section */

/* Begin PBXProject section */
		4E4EBB4F25EAFA1F00FD4A9B /* Project object */ = {
			isa = PBXProject;
			attributes = {
				LastSwiftUpdateCheck = 1230;
				LastUpgradeCheck = 1230;
				TargetAttributes = {
					4E4EBB5625EAFA1F00FD4A9B = {
						CreatedOnToolsVersion = 12.3;
					};
					4E4EBB6C25EAFA2500FD4A9B = {
						CreatedOnToolsVersion = 12.3;
						TestTargetID = 4E4EBB5625EAFA1F00FD4A9B;
					};
					4E4EBB7725EAFA2500FD4A9B = {
						CreatedOnToolsVersion = 12.3;
						TestTargetID = 4E4EBB5625EAFA1F00FD4A9B;
					};
				};
			};
			buildConfigurationList = 4E4EBB5225EAFA1F00FD4A9B /* Build configuration list for PBXProject "Parstagram" */;
			compatibilityVersion = "Xcode 9.3";
			developmentRegion = en;
			hasScannedForEncodings = 0;
			knownRegions = (
				en,
				Base,
			);
			mainGroup = 4E4EBB4E25EAFA1F00FD4A9B;
			productRefGroup = 4E4EBB5825EAFA1F00FD4A9B /* Products */;
			projectDirPath = "";
			projectRoot = "";
			targets = (
				4E4EBB5625EAFA1F00FD4A9B /* Parstagram */,
				4E4EBB6C25EAFA2500FD4A9B /* ParstagramTests */,
				4E4EBB7725EAFA2500FD4A9B /* ParstagramUITests */,
			);
		};
/* End PBXProject section */

/* Begin PBXResourcesBuildPhase section */
		4E4EBB5525EAFA1F00FD4A9B /* Resources */ = {
			isa = PBXResourcesBuildPhase;
			buildActionMask = 2147483647;
			files = (
				4E4EBB6725EAFA2500FD4A9B /* LaunchScreen.storyboard in Resources */,
				4E4EBB6425EAFA2500FD4A9B /* Assets.xcassets in Resources */,
				4E4EBB6225EAFA1F00FD4A9B /* Main.storyboard in Resources */,
			);
			runOnlyForDeploymentPostprocessing = 0;
		};
		4E4EBB6B25EAFA2500FD4A9B /* Resources */ = {
			isa = PBXResourcesBuildPhase;
			buildActionMask = 2147483647;
			files = (
			);
			runOnlyForDeploymentPostprocessing = 0;
		};
		4E4EBB7625EAFA2500FD4A9B /* Resources */ = {
			isa = PBXResourcesBuildPhase;
			buildActionMask = 2147483647;
			files = (
			);
			runOnlyForDeploymentPostprocessing = 0;
		};
/* End PBXResourcesBuildPhase section */

/* Begin PBXShellScriptBuildPhase section */
		5B4B95F64294D07D9BB2C40A /* [CP] Check Pods Manifest.lock */ = {
			isa = PBXShellScriptBuildPhase;
			buildActionMask = 2147483647;
			files = (
			);
			inputFileListPaths = (
			);
			inputPaths = (
				"${PODS_PODFILE_DIR_PATH}/Podfile.lock",
				"${PODS_ROOT}/Manifest.lock",
			);
			name = "[CP] Check Pods Manifest.lock";
			outputFileListPaths = (
			);
			outputPaths = (
				"$(DERIVED_FILE_DIR)/Pods-Parstagram-checkManifestLockResult.txt",
			);
			runOnlyForDeploymentPostprocessing = 0;
			shellPath = /bin/sh;
			shellScript = "diff \"${PODS_PODFILE_DIR_PATH}/Podfile.lock\" \"${PODS_ROOT}/Manifest.lock\" > /dev/null\nif [ $? != 0 ] ; then\n    # print error to STDERR\n    echo \"error: The sandbox is not in sync with the Podfile.lock. Run 'pod install' or update your CocoaPods installation.\" >&2\n    exit 1\nfi\n# This output is used by Xcode 'outputs' to avoid re-running this script phase.\necho \"SUCCESS\" > \"${SCRIPT_OUTPUT_FILE_0}\"\n";
			showEnvVarsInLog = 0;
		};
		9F982C32BCB114DB103D8D43 /* [CP] Embed Pods Frameworks */ = {
			isa = PBXShellScriptBuildPhase;
			buildActionMask = 2147483647;
			files = (
			);
			inputFileListPaths = (
				"${PODS_ROOT}/Target Support Files/Pods-Parstagram-ParstagramUITests/Pods-Parstagram-ParstagramUITests-frameworks-${CONFIGURATION}-input-files.xcfilelist",
			);
			name = "[CP] Embed Pods Frameworks";
			outputFileListPaths = (
				"${PODS_ROOT}/Target Support Files/Pods-Parstagram-ParstagramUITests/Pods-Parstagram-ParstagramUITests-frameworks-${CONFIGURATION}-output-files.xcfilelist",
			);
			runOnlyForDeploymentPostprocessing = 0;
			shellPath = /bin/sh;
			shellScript = "\"${PODS_ROOT}/Target Support Files/Pods-Parstagram-ParstagramUITests/Pods-Parstagram-ParstagramUITests-frameworks.sh\"\n";
			showEnvVarsInLog = 0;
		};
		AD22FAA43C722A2002BE9627 /* [CP] Check Pods Manifest.lock */ = {
			isa = PBXShellScriptBuildPhase;
			buildActionMask = 2147483647;
			files = (
			);
			inputFileListPaths = (
			);
			inputPaths = (
				"${PODS_PODFILE_DIR_PATH}/Podfile.lock",
				"${PODS_ROOT}/Manifest.lock",
			);
			name = "[CP] Check Pods Manifest.lock";
			outputFileListPaths = (
			);
			outputPaths = (
				"$(DERIVED_FILE_DIR)/Pods-Parstagram-ParstagramUITests-checkManifestLockResult.txt",
			);
			runOnlyForDeploymentPostprocessing = 0;
			shellPath = /bin/sh;
			shellScript = "diff \"${PODS_PODFILE_DIR_PATH}/Podfile.lock\" \"${PODS_ROOT}/Manifest.lock\" > /dev/null\nif [ $? != 0 ] ; then\n    # print error to STDERR\n    echo \"error: The sandbox is not in sync with the Podfile.lock. Run 'pod install' or update your CocoaPods installation.\" >&2\n    exit 1\nfi\n# This output is used by Xcode 'outputs' to avoid re-running this script phase.\necho \"SUCCESS\" > \"${SCRIPT_OUTPUT_FILE_0}\"\n";
			showEnvVarsInLog = 0;
		};
		C2DE6AA6FD33048724FDEADF /* [CP] Check Pods Manifest.lock */ = {
			isa = PBXShellScriptBuildPhase;
			buildActionMask = 2147483647;
			files = (
			);
			inputFileListPaths = (
			);
			inputPaths = (
				"${PODS_PODFILE_DIR_PATH}/Podfile.lock",
				"${PODS_ROOT}/Manifest.lock",
			);
			name = "[CP] Check Pods Manifest.lock";
			outputFileListPaths = (
			);
			outputPaths = (
				"$(DERIVED_FILE_DIR)/Pods-ParstagramTests-checkManifestLockResult.txt",
			);
			runOnlyForDeploymentPostprocessing = 0;
			shellPath = /bin/sh;
			shellScript = "diff \"${PODS_PODFILE_DIR_PATH}/Podfile.lock\" \"${PODS_ROOT}/Manifest.lock\" > /dev/null\nif [ $? != 0 ] ; then\n    # print error to STDERR\n    echo \"error: The sandbox is not in sync with the Podfile.lock. Run 'pod install' or update your CocoaPods installation.\" >&2\n    exit 1\nfi\n# This output is used by Xcode 'outputs' to avoid re-running this script phase.\necho \"SUCCESS\" > \"${SCRIPT_OUTPUT_FILE_0}\"\n";
			showEnvVarsInLog = 0;
		};
		D1411D0F970D4ECDF11446D7 /* [CP] Embed Pods Frameworks */ = {
			isa = PBXShellScriptBuildPhase;
			buildActionMask = 2147483647;
			files = (
			);
			inputFileListPaths = (
				"${PODS_ROOT}/Target Support Files/Pods-Parstagram/Pods-Parstagram-frameworks-${CONFIGURATION}-input-files.xcfilelist",
			);
			name = "[CP] Embed Pods Frameworks";
			outputFileListPaths = (
				"${PODS_ROOT}/Target Support Files/Pods-Parstagram/Pods-Parstagram-frameworks-${CONFIGURATION}-output-files.xcfilelist",
			);
			runOnlyForDeploymentPostprocessing = 0;
			shellPath = /bin/sh;
			shellScript = "\"${PODS_ROOT}/Target Support Files/Pods-Parstagram/Pods-Parstagram-frameworks.sh\"\n";
			showEnvVarsInLog = 0;
		};
/* End PBXShellScriptBuildPhase section */

/* Begin PBXSourcesBuildPhase section */
		4E4EBB5325EAFA1F00FD4A9B /* Sources */ = {
			isa = PBXSourcesBuildPhase;
			buildActionMask = 2147483647;
			files = (
				4E4EBBD625EB08AD00FD4A9B /* LoginViewController.swift in Sources */,
				4E4EBBE025EB13D900FD4A9B /* CameraViewController.swift in Sources */,
				4E4EBB5B25EAFA1F00FD4A9B /* AppDelegate.swift in Sources */,
				4E4EBBDB25EB08BE00FD4A9B /* FeedViewController.swift in Sources */,
				4E4EBB5D25EAFA1F00FD4A9B /* SceneDelegate.swift in Sources */,
				4E4EBBED25EB290000FD4A9B /* PostCell.swift in Sources */,
				4ECB685225F2DF86008D9145 /* CommentCell.swift in Sources */,
			);
			runOnlyForDeploymentPostprocessing = 0;
		};
		4E4EBB6925EAFA2500FD4A9B /* Sources */ = {
			isa = PBXSourcesBuildPhase;
			buildActionMask = 2147483647;
			files = (
				4E4EBB7225EAFA2500FD4A9B /* ParstagramTests.swift in Sources */,
			);
			runOnlyForDeploymentPostprocessing = 0;
		};
		4E4EBB7425EAFA2500FD4A9B /* Sources */ = {
			isa = PBXSourcesBuildPhase;
			buildActionMask = 2147483647;
			files = (
				4E4EBB7D25EAFA2500FD4A9B /* ParstagramUITests.swift in Sources */,
			);
			runOnlyForDeploymentPostprocessing = 0;
		};
/* End PBXSourcesBuildPhase section */

/* Begin PBXTargetDependency section */
		4E4EBB6F25EAFA2500FD4A9B /* PBXTargetDependency */ = {
			isa = PBXTargetDependency;
			target = 4E4EBB5625EAFA1F00FD4A9B /* Parstagram */;
			targetProxy = 4E4EBB6E25EAFA2500FD4A9B /* PBXContainerItemProxy */;
		};
		4E4EBB7A25EAFA2500FD4A9B /* PBXTargetDependency */ = {
			isa = PBXTargetDependency;
			target = 4E4EBB5625EAFA1F00FD4A9B /* Parstagram */;
			targetProxy = 4E4EBB7925EAFA2500FD4A9B /* PBXContainerItemProxy */;
		};
/* End PBXTargetDependency section */

/* Begin PBXVariantGroup section */
		4E4EBB6025EAFA1F00FD4A9B /* Main.storyboard */ = {
			isa = PBXVariantGroup;
			children = (
				4E4EBB6125EAFA1F00FD4A9B /* Base */,
			);
			name = Main.storyboard;
			sourceTree = "<group>";
		};
		4E4EBB6525EAFA2500FD4A9B /* LaunchScreen.storyboard */ = {
			isa = PBXVariantGroup;
			children = (
				4E4EBB6625EAFA2500FD4A9B /* Base */,
			);
			name = LaunchScreen.storyboard;
			sourceTree = "<group>";
		};
/* End PBXVariantGroup section */

/* Begin XCBuildConfiguration section */
		4E4EBB7F25EAFA2500FD4A9B /* Debug */ = {
			isa = XCBuildConfiguration;
			buildSettings = {
				ALWAYS_SEARCH_USER_PATHS = NO;
				CLANG_ANALYZER_NONNULL = YES;
				CLANG_ANALYZER_NUMBER_OBJECT_CONVERSION = YES_AGGRESSIVE;
				CLANG_CXX_LANGUAGE_STANDARD = "gnu++14";
				CLANG_CXX_LIBRARY = "libc++";
				CLANG_ENABLE_MODULES = YES;
				CLANG_ENABLE_OBJC_ARC = YES;
				CLANG_ENABLE_OBJC_WEAK = YES;
				CLANG_WARN_BLOCK_CAPTURE_AUTORELEASING = YES;
				CLANG_WARN_BOOL_CONVERSION = YES;
				CLANG_WARN_COMMA = YES;
				CLANG_WARN_CONSTANT_CONVERSION = YES;
				CLANG_WARN_DEPRECATED_OBJC_IMPLEMENTATIONS = YES;
				CLANG_WARN_DIRECT_OBJC_ISA_USAGE = YES_ERROR;
				CLANG_WARN_DOCUMENTATION_COMMENTS = YES;
				CLANG_WARN_EMPTY_BODY = YES;
				CLANG_WARN_ENUM_CONVERSION = YES;
				CLANG_WARN_INFINITE_RECURSION = YES;
				CLANG_WARN_INT_CONVERSION = YES;
				CLANG_WARN_NON_LITERAL_NULL_CONVERSION = YES;
				CLANG_WARN_OBJC_IMPLICIT_RETAIN_SELF = YES;
				CLANG_WARN_OBJC_LITERAL_CONVERSION = YES;
				CLANG_WARN_OBJC_ROOT_CLASS = YES_ERROR;
				CLANG_WARN_QUOTED_INCLUDE_IN_FRAMEWORK_HEADER = YES;
				CLANG_WARN_RANGE_LOOP_ANALYSIS = YES;
				CLANG_WARN_STRICT_PROTOTYPES = YES;
				CLANG_WARN_SUSPICIOUS_MOVE = YES;
				CLANG_WARN_UNGUARDED_AVAILABILITY = YES_AGGRESSIVE;
				CLANG_WARN_UNREACHABLE_CODE = YES;
				CLANG_WARN__DUPLICATE_METHOD_MATCH = YES;
				COPY_PHASE_STRIP = NO;
				DEBUG_INFORMATION_FORMAT = dwarf;
				ENABLE_STRICT_OBJC_MSGSEND = YES;
				ENABLE_TESTABILITY = YES;
				GCC_C_LANGUAGE_STANDARD = gnu11;
				GCC_DYNAMIC_NO_PIC = NO;
				GCC_NO_COMMON_BLOCKS = YES;
				GCC_OPTIMIZATION_LEVEL = 0;
				GCC_PREPROCESSOR_DEFINITIONS = (
					"DEBUG=1",
					"$(inherited)",
				);
				GCC_WARN_64_TO_32_BIT_CONVERSION = YES;
				GCC_WARN_ABOUT_RETURN_TYPE = YES_ERROR;
				GCC_WARN_UNDECLARED_SELECTOR = YES;
				GCC_WARN_UNINITIALIZED_AUTOS = YES_AGGRESSIVE;
				GCC_WARN_UNUSED_FUNCTION = YES;
				GCC_WARN_UNUSED_VARIABLE = YES;
				IPHONEOS_DEPLOYMENT_TARGET = 14.3;
				MTL_ENABLE_DEBUG_INFO = INCLUDE_SOURCE;
				MTL_FAST_MATH = YES;
				ONLY_ACTIVE_ARCH = YES;
				SDKROOT = iphoneos;
				SWIFT_ACTIVE_COMPILATION_CONDITIONS = DEBUG;
				SWIFT_OPTIMIZATION_LEVEL = "-Onone";
			};
			name = Debug;
		};
		4E4EBB8025EAFA2500FD4A9B /* Release */ = {
			isa = XCBuildConfiguration;
			buildSettings = {
				ALWAYS_SEARCH_USER_PATHS = NO;
				CLANG_ANALYZER_NONNULL = YES;
				CLANG_ANALYZER_NUMBER_OBJECT_CONVERSION = YES_AGGRESSIVE;
				CLANG_CXX_LANGUAGE_STANDARD = "gnu++14";
				CLANG_CXX_LIBRARY = "libc++";
				CLANG_ENABLE_MODULES = YES;
				CLANG_ENABLE_OBJC_ARC = YES;
				CLANG_ENABLE_OBJC_WEAK = YES;
				CLANG_WARN_BLOCK_CAPTURE_AUTORELEASING = YES;
				CLANG_WARN_BOOL_CONVERSION = YES;
				CLANG_WARN_COMMA = YES;
				CLANG_WARN_CONSTANT_CONVERSION = YES;
				CLANG_WARN_DEPRECATED_OBJC_IMPLEMENTATIONS = YES;
				CLANG_WARN_DIRECT_OBJC_ISA_USAGE = YES_ERROR;
				CLANG_WARN_DOCUMENTATION_COMMENTS = YES;
				CLANG_WARN_EMPTY_BODY = YES;
				CLANG_WARN_ENUM_CONVERSION = YES;
				CLANG_WARN_INFINITE_RECURSION = YES;
				CLANG_WARN_INT_CONVERSION = YES;
				CLANG_WARN_NON_LITERAL_NULL_CONVERSION = YES;
				CLANG_WARN_OBJC_IMPLICIT_RETAIN_SELF = YES;
				CLANG_WARN_OBJC_LITERAL_CONVERSION = YES;
				CLANG_WARN_OBJC_ROOT_CLASS = YES_ERROR;
				CLANG_WARN_QUOTED_INCLUDE_IN_FRAMEWORK_HEADER = YES;
				CLANG_WARN_RANGE_LOOP_ANALYSIS = YES;
				CLANG_WARN_STRICT_PROTOTYPES = YES;
				CLANG_WARN_SUSPICIOUS_MOVE = YES;
				CLANG_WARN_UNGUARDED_AVAILABILITY = YES_AGGRESSIVE;
				CLANG_WARN_UNREACHABLE_CODE = YES;
				CLANG_WARN__DUPLICATE_METHOD_MATCH = YES;
				COPY_PHASE_STRIP = NO;
				DEBUG_INFORMATION_FORMAT = "dwarf-with-dsym";
				ENABLE_NS_ASSERTIONS = NO;
				ENABLE_STRICT_OBJC_MSGSEND = YES;
				GCC_C_LANGUAGE_STANDARD = gnu11;
				GCC_NO_COMMON_BLOCKS = YES;
				GCC_WARN_64_TO_32_BIT_CONVERSION = YES;
				GCC_WARN_ABOUT_RETURN_TYPE = YES_ERROR;
				GCC_WARN_UNDECLARED_SELECTOR = YES;
				GCC_WARN_UNINITIALIZED_AUTOS = YES_AGGRESSIVE;
				GCC_WARN_UNUSED_FUNCTION = YES;
				GCC_WARN_UNUSED_VARIABLE = YES;
				IPHONEOS_DEPLOYMENT_TARGET = 14.3;
				MTL_ENABLE_DEBUG_INFO = NO;
				MTL_FAST_MATH = YES;
				SDKROOT = iphoneos;
				SWIFT_COMPILATION_MODE = wholemodule;
				SWIFT_OPTIMIZATION_LEVEL = "-O";
				VALIDATE_PRODUCT = YES;
			};
			name = Release;
		};
		4E4EBB8225EAFA2500FD4A9B /* Debug */ = {
			isa = XCBuildConfiguration;
			baseConfigurationReference = 5FDE0BC1E422F0B033AF91B8 /* Pods-Parstagram.debug.xcconfig */;
			buildSettings = {
				ASSETCATALOG_COMPILER_APPICON_NAME = AppIcon;
				ASSETCATALOG_COMPILER_GLOBAL_ACCENT_COLOR_NAME = AccentColor;
				CODE_SIGN_STYLE = Automatic;
				DEVELOPMENT_TEAM = 5KGHUL5L8N;
				INFOPLIST_FILE = Parstagram/Info.plist;
				LD_RUNPATH_SEARCH_PATHS = (
					"$(inherited)",
					"@executable_path/Frameworks",
				);
				PRODUCT_BUNDLE_IDENTIFIER = CS490.Parstagram;
				PRODUCT_NAME = "$(TARGET_NAME)";
				SWIFT_VERSION = 5.0;
				TARGETED_DEVICE_FAMILY = "1,2";
			};
			name = Debug;
		};
		4E4EBB8325EAFA2500FD4A9B /* Release */ = {
			isa = XCBuildConfiguration;
			baseConfigurationReference = D58A144D9E5EF33E84FDA18E /* Pods-Parstagram.release.xcconfig */;
			buildSettings = {
				ASSETCATALOG_COMPILER_APPICON_NAME = AppIcon;
				ASSETCATALOG_COMPILER_GLOBAL_ACCENT_COLOR_NAME = AccentColor;
				CODE_SIGN_STYLE = Automatic;
				DEVELOPMENT_TEAM = 5KGHUL5L8N;
				INFOPLIST_FILE = Parstagram/Info.plist;
				LD_RUNPATH_SEARCH_PATHS = (
					"$(inherited)",
					"@executable_path/Frameworks",
				);
				PRODUCT_BUNDLE_IDENTIFIER = CS490.Parstagram;
				PRODUCT_NAME = "$(TARGET_NAME)";
				SWIFT_VERSION = 5.0;
				TARGETED_DEVICE_FAMILY = "1,2";
			};
			name = Release;
		};
		4E4EBB8525EAFA2500FD4A9B /* Debug */ = {
			isa = XCBuildConfiguration;
			baseConfigurationReference = 401E4DD6CF386E28E1E2A635 /* Pods-ParstagramTests.debug.xcconfig */;
			buildSettings = {
				ALWAYS_EMBED_SWIFT_STANDARD_LIBRARIES = YES;
				BUNDLE_LOADER = "$(TEST_HOST)";
				CODE_SIGN_STYLE = Automatic;
				DEVELOPMENT_TEAM = 5KGHUL5L8N;
				INFOPLIST_FILE = ParstagramTests/Info.plist;
				IPHONEOS_DEPLOYMENT_TARGET = 14.3;
				LD_RUNPATH_SEARCH_PATHS = (
					"$(inherited)",
					"@executable_path/Frameworks",
					"@loader_path/Frameworks",
				);
				PRODUCT_BUNDLE_IDENTIFIER = CS490.ParstagramTests;
				PRODUCT_NAME = "$(TARGET_NAME)";
				SWIFT_VERSION = 5.0;
				TARGETED_DEVICE_FAMILY = "1,2";
				TEST_HOST = "$(BUILT_PRODUCTS_DIR)/Parstagram.app/Parstagram";
			};
			name = Debug;
		};
		4E4EBB8625EAFA2500FD4A9B /* Release */ = {
			isa = XCBuildConfiguration;
			baseConfigurationReference = 983C0405F846ABA24E0A2C90 /* Pods-ParstagramTests.release.xcconfig */;
			buildSettings = {
				ALWAYS_EMBED_SWIFT_STANDARD_LIBRARIES = YES;
				BUNDLE_LOADER = "$(TEST_HOST)";
				CODE_SIGN_STYLE = Automatic;
				DEVELOPMENT_TEAM = 5KGHUL5L8N;
				INFOPLIST_FILE = ParstagramTests/Info.plist;
				IPHONEOS_DEPLOYMENT_TARGET = 14.3;
				LD_RUNPATH_SEARCH_PATHS = (
					"$(inherited)",
					"@executable_path/Frameworks",
					"@loader_path/Frameworks",
				);
				PRODUCT_BUNDLE_IDENTIFIER = CS490.ParstagramTests;
				PRODUCT_NAME = "$(TARGET_NAME)";
				SWIFT_VERSION = 5.0;
				TARGETED_DEVICE_FAMILY = "1,2";
				TEST_HOST = "$(BUILT_PRODUCTS_DIR)/Parstagram.app/Parstagram";
			};
			name = Release;
		};
		4E4EBB8825EAFA2500FD4A9B /* Debug */ = {
			isa = XCBuildConfiguration;
			baseConfigurationReference = 906C407E811E2FB4B2E1160C /* Pods-Parstagram-ParstagramUITests.debug.xcconfig */;
			buildSettings = {
				ALWAYS_EMBED_SWIFT_STANDARD_LIBRARIES = YES;
				CODE_SIGN_STYLE = Automatic;
				DEVELOPMENT_TEAM = 5KGHUL5L8N;
				INFOPLIST_FILE = ParstagramUITests/Info.plist;
				LD_RUNPATH_SEARCH_PATHS = (
					"$(inherited)",
					"@executable_path/Frameworks",
					"@loader_path/Frameworks",
				);
				PRODUCT_BUNDLE_IDENTIFIER = CS490.ParstagramUITests;
				PRODUCT_NAME = "$(TARGET_NAME)";
				SWIFT_VERSION = 5.0;
				TARGETED_DEVICE_FAMILY = "1,2";
				TEST_TARGET_NAME = Parstagram;
			};
			name = Debug;
		};
		4E4EBB8925EAFA2500FD4A9B /* Release */ = {
			isa = XCBuildConfiguration;
			baseConfigurationReference = 01AB7BDD9F98008682C17188 /* Pods-Parstagram-ParstagramUITests.release.xcconfig */;
			buildSettings = {
				ALWAYS_EMBED_SWIFT_STANDARD_LIBRARIES = YES;
				CODE_SIGN_STYLE = Automatic;
				DEVELOPMENT_TEAM = 5KGHUL5L8N;
				INFOPLIST_FILE = ParstagramUITests/Info.plist;
				LD_RUNPATH_SEARCH_PATHS = (
					"$(inherited)",
					"@executable_path/Frameworks",
					"@loader_path/Frameworks",
				);
				PRODUCT_BUNDLE_IDENTIFIER = CS490.ParstagramUITests;
				PRODUCT_NAME = "$(TARGET_NAME)";
				SWIFT_VERSION = 5.0;
				TARGETED_DEVICE_FAMILY = "1,2";
				TEST_TARGET_NAME = Parstagram;
			};
			name = Release;
		};
/* End XCBuildConfiguration section */

/* Begin XCConfigurationList section */
		4E4EBB5225EAFA1F00FD4A9B /* Build configuration list for PBXProject "Parstagram" */ = {
			isa = XCConfigurationList;
			buildConfigurations = (
				4E4EBB7F25EAFA2500FD4A9B /* Debug */,
				4E4EBB8025EAFA2500FD4A9B /* Release */,
			);
			defaultConfigurationIsVisible = 0;
			defaultConfigurationName = Release;
		};
		4E4EBB8125EAFA2500FD4A9B /* Build configuration list for PBXNativeTarget "Parstagram" */ = {
			isa = XCConfigurationList;
			buildConfigurations = (
				4E4EBB8225EAFA2500FD4A9B /* Debug */,
				4E4EBB8325EAFA2500FD4A9B /* Release */,
			);
			defaultConfigurationIsVisible = 0;
			defaultConfigurationName = Release;
		};
		4E4EBB8425EAFA2500FD4A9B /* Build configuration list for PBXNativeTarget "ParstagramTests" */ = {
			isa = XCConfigurationList;
			buildConfigurations = (
				4E4EBB8525EAFA2500FD4A9B /* Debug */,
				4E4EBB8625EAFA2500FD4A9B /* Release */,
			);
			defaultConfigurationIsVisible = 0;
			defaultConfigurationName = Release;
		};
		4E4EBB8725EAFA2500FD4A9B /* Build configuration list for PBXNativeTarget "ParstagramUITests" */ = {
			isa = XCConfigurationList;
			buildConfigurations = (
				4E4EBB8825EAFA2500FD4A9B /* Debug */,
				4E4EBB8925EAFA2500FD4A9B /* Release */,
			);
			defaultConfigurationIsVisible = 0;
			defaultConfigurationName = Release;
		};
/* End XCConfigurationList section */
	};
	rootObject = 4E4EBB4F25EAFA1F00FD4A9B /* Project object */;
}
